{
  "name": "Chat_bot",
  "lockfileVersion": 3,
  "requires": true,
  "packages": {
    "": {
      "dependencies": {
        "@vapi-ai/web": "^2.2.0"
      }
    },
    "node_modules/@babel/runtime": {
      "version": "7.26.7",
      "resolved": "https://registry.npmjs.org/@babel/runtime/-/runtime-7.26.7.tgz",
      "integrity": "sha512-AOPI3D+a8dXnja+iwsUqGRjr1BbZIe771sXdapOtYI531gSqpi92vXivKcq2asu/DFpdl1ceFAKZyRzK2PCVcQ==",
      "license": "MIT",
      "dependencies": {
        "regenerator-runtime": "^0.14.0"
      },
      "engines": {
        "node": ">=6.9.0"
      }
    },
    "node_modules/@daily-co/daily-js": {
      "version": "0.72.2",
      "resolved": "https://registry.npmjs.org/@daily-co/daily-js/-/daily-js-0.72.2.tgz",
      "integrity": "sha512-beUN/V4S4++ZYIUAfRnRt/rUjc2jkCrc2YxghMEyUPxjZy1n73OCtbty68RDMpSYkIs89ailJaUNRLcPhIuMaw==",
      "license": "BSD-2-Clause",
      "dependencies": {
        "@babel/runtime": "^7.12.5",
        "@sentry/browser": "^7.60.1",
        "bowser": "^2.8.1",
        "dequal": "^2.0.3",
        "events": "^3.1.0"
      },
      "engines": {
        "node": ">=10.0.0"
      }
    },
    "node_modules/@sentry-internal/feedback": {
      "version": "7.120.3",
      "resolved": "https://registry.npmjs.org/@sentry-internal/feedback/-/feedback-7.120.3.tgz",
      "integrity": "sha512-ewJJIQ0mbsOX6jfiVFvqMjokxNtgP3dNwUv+4nenN+iJJPQsM6a0ocro3iscxwVdbkjw5hY3BUV2ICI5Q0UWoA==",
      "license": "MIT",
      "dependencies": {
        "@sentry/core": "7.120.3",
        "@sentry/types": "7.120.3",
        "@sentry/utils": "7.120.3"
      },
      "engines": {
        "node": ">=12"
      }
    },
    "node_modules/@sentry-internal/replay-canvas": {
      "version": "7.120.3",
      "resolved": "https://registry.npmjs.org/@sentry-internal/replay-canvas/-/replay-canvas-7.120.3.tgz",
      "integrity": "sha512-s5xy+bVL1eDZchM6gmaOiXvTqpAsUfO7122DxVdEDMtwVq3e22bS2aiGa8CUgOiJkulZ+09q73nufM77kOmT/A==",
      "license": "MIT",
      "dependencies": {
        "@sentry/core": "7.120.3",
        "@sentry/replay": "7.120.3",
        "@sentry/types": "7.120.3",
        "@sentry/utils": "7.120.3"
      },
      "engines": {
        "node": ">=12"
      }
    },
    "node_modules/@sentry-internal/tracing": {
      "version": "7.120.3",
      "resolved": "https://registry.npmjs.org/@sentry-internal/tracing/-/tracing-7.120.3.tgz",
      "integrity": "sha512-Ausx+Jw1pAMbIBHStoQ6ZqDZR60PsCByvHdw/jdH9AqPrNE9xlBSf9EwcycvmrzwyKspSLaB52grlje2cRIUMg==",
      "license": "MIT",
      "dependencies": {
        "@sentry/core": "7.120.3",
        "@sentry/types": "7.120.3",
        "@sentry/utils": "7.120.3"
      },
      "engines": {
        "node": ">=8"
      }
    },
    "node_modules/@sentry/browser": {
      "version": "7.120.3",
      "resolved": "https://registry.npmjs.org/@sentry/browser/-/browser-7.120.3.tgz",
      "integrity": "sha512-i9vGcK9N8zZ/JQo1TCEfHHYZ2miidOvgOABRUc9zQKhYdcYQB2/LU1kqlj77Pxdxf4wOa9137d6rPrSn9iiBxg==",
      "license": "MIT",
      "dependencies": {
        "@sentry-internal/feedback": "7.120.3",
        "@sentry-internal/replay-canvas": "7.120.3",
        "@sentry-internal/tracing": "7.120.3",
        "@sentry/core": "7.120.3",
        "@sentry/integrations": "7.120.3",
        "@sentry/replay": "7.120.3",
        "@sentry/types": "7.120.3",
        "@sentry/utils": "7.120.3"
      },
      "engines": {
        "node": ">=8"
      }
    },
    "node_modules/@sentry/core": {
      "version": "7.120.3",
      "resolved": "https://registry.npmjs.org/@sentry/core/-/core-7.120.3.tgz",
      "integrity": "sha512-vyy11fCGpkGK3qI5DSXOjgIboBZTriw0YDx/0KyX5CjIjDDNgp5AGgpgFkfZyiYiaU2Ww3iFuKo4wHmBusz1uA==",
      "license": "MIT",
      "dependencies": {
        "@sentry/types": "7.120.3",
        "@sentry/utils": "7.120.3"
      },
      "engines": {
        "node": ">=8"
      }
    },
    "node_modules/@sentry/integrations": {
      "version": "7.120.3",
      "resolved": "https://registry.npmjs.org/@sentry/integrations/-/integrations-7.120.3.tgz",
      "integrity": "sha512-6i/lYp0BubHPDTg91/uxHvNui427df9r17SsIEXa2eKDwQ9gW2qRx5IWgvnxs2GV/GfSbwcx4swUB3RfEWrXrQ==",
      "license": "MIT",
      "dependencies": {
        "@sentry/core": "7.120.3",
        "@sentry/types": "7.120.3",
        "@sentry/utils": "7.120.3",
        "localforage": "^1.8.1"
      },
      "engines": {
        "node": ">=8"
      }
    },
    "node_modules/@sentry/replay": {
      "version": "7.120.3",
      "resolved": "https://registry.npmjs.org/@sentry/replay/-/replay-7.120.3.tgz",
      "integrity": "sha512-CjVq1fP6bpDiX8VQxudD5MPWwatfXk8EJ2jQhJTcWu/4bCSOQmHxnnmBM+GVn5acKUBCodWHBN+IUZgnJheZSg==",
      "license": "MIT",
      "dependencies": {
        "@sentry-internal/tracing": "7.120.3",
        "@sentry/core": "7.120.3",
        "@sentry/types": "7.120.3",
        "@sentry/utils": "7.120.3"
      },
      "engines": {
        "node": ">=12"
      }
    },
    "node_modules/@sentry/types": {
      "version": "7.120.3",
      "resolved": "https://registry.npmjs.org/@sentry/types/-/types-7.120.3.tgz",
      "integrity": "sha512-C4z+3kGWNFJ303FC+FxAd4KkHvxpNFYAFN8iMIgBwJdpIl25KZ8Q/VdGn0MLLUEHNLvjob0+wvwlcRBBNLXOow==",
      "license": "MIT",
      "engines": {
        "node": ">=8"
      }
    },
    "node_modules/@sentry/utils": {
      "version": "7.120.3",
      "resolved": "https://registry.npmjs.org/@sentry/utils/-/utils-7.120.3.tgz",
      "integrity": "sha512-UDAOQJtJDxZHQ5Nm1olycBIsz2wdGX8SdzyGVHmD8EOQYAeDZQyIlQYohDe9nazdIOQLZCIc3fU0G9gqVLkaGQ==",
      "license": "MIT",
      "dependencies": {
        "@sentry/types": "7.120.3"
      },
      "engines": {
        "node": ">=8"
      }
    },
    "node_modules/@vapi-ai/web": {
      "version": "2.2.0",
      "resolved": "https://registry.npmjs.org/@vapi-ai/web/-/web-2.2.0.tgz",
      "integrity": "sha512-gP9piFBgSxcI6l/p4/RszPTzJ887SgP1dDKLScNWGAbhmbbW3ZRRLpJjD8kCmLD3Vw6wIdENFwFyncdhonUOLA==",
      "license": "MIT",
      "dependencies": {
        "@daily-co/daily-js": "^0.72.1",
        "events": "^3.3.0"
      }
    },
    "node_modules/bowser": {
      "version": "2.11.0",
      "resolved": "https://registry.npmjs.org/bowser/-/bowser-2.11.0.tgz",
      "integrity": "sha512-AlcaJBi/pqqJBIQ8U9Mcpc9i8Aqxn88Skv5d+xBX006BY5u8N3mGLHa5Lgppa7L/HfwgwLgZ6NYs+Ag6uUmJRA==",
      "license": "MIT"
    },
    "node_modules/dequal": {
      "version": "2.0.3",
      "resolved": "https://registry.npmjs.org/dequal/-/dequal-2.0.3.tgz",
      "integrity": "sha512-0je+qPKHEMohvfRTCEo3CrPG6cAzAYgmzKyxRiYSSDkS6eGJdyVJm7WaYA5ECaAD9wLB2T4EEeymA5aFVcYXCA==",
      "license": "MIT",
      "engines": {
        "node": ">=6"
      }
    },
    "node_modules/events": {
      "version": "3.3.0",
      "resolved": "https://registry.npmjs.org/events/-/events-3.3.0.tgz",
      "integrity": "sha512-mQw+2fkQbALzQ7V0MY0IqdnXNOeTtP4r0lN9z7AAawCXgqea7bDii20AYrIBrFd/Hx0M2Ocz6S111CaFkUcb0Q==",
      "license": "MIT",
      "engines": {
        "node": ">=0.8.x"
      }
    },
    "node_modules/immediate": {
      "version": "3.0.6",
      "resolved": "https://registry.npmjs.org/immediate/-/immediate-3.0.6.tgz",
      "integrity": "sha512-XXOFtyqDjNDAQxVfYxuF7g9Il/IbWmmlQg2MYKOH8ExIT1qg6xc4zyS3HaEEATgs1btfzxq15ciUiY7gjSXRGQ==",
      "license": "MIT"
    },
    "node_modules/lie": {
      "version": "3.1.1",
      "resolved": "https://registry.npmjs.org/lie/-/lie-3.1.1.tgz",
      "integrity": "sha512-RiNhHysUjhrDQntfYSfY4MU24coXXdEOgw9WGcKHNeEwffDYbF//u87M1EWaMGzuFoSbqW0C9C6lEEhDOAswfw==",
      "license": "MIT",
      "dependencies": {
        "immediate": "~3.0.5"
      }
    },
    "node_modules/localforage": {
      "version": "1.10.0",
      "resolved": "https://registry.npmjs.org/localforage/-/localforage-1.10.0.tgz",
      "integrity": "sha512-14/H1aX7hzBBmmh7sGPd+AOMkkIrHM3Z1PAyGgZigA1H1p5O5ANnMyWzvpAETtG68/dC4pC0ncy3+PPGzXZHPg==",
      "license": "Apache-2.0",
      "dependencies": {
        "lie": "3.1.1"
      }
    },
    "node_modules/regenerator-runtime": {
      "version": "0.14.1",
      "resolved": "https://registry.npmjs.org/regenerator-runtime/-/regenerator-runtime-0.14.1.tgz",
      "integrity": "sha512-dYnhHh0nJoMfnkZs6GmmhFknAGRrLznOu5nc9ML+EJxGvrx6H7teuevqVqCuPcPK//3eDrrjQhehXVx9cnkGdw==",
      "license": "MIT"
    }
  }
}
